PODS:
  - Alamofire (1.2.3)
  - KeychainAccess (1.2.1)
  - Nimble (0.4.2)
  - Nocilla (0.10.0)
  - Quick (0.3.1)
  - SwiftyJSON (2.2.1)

DEPENDENCIES:
  - Alamofire (~> 1.2.0)
  - KeychainAccess (~> 1.2.0)
  - Nimble (~> 0.4.0)
  - Nocilla
  - Quick (~> 0.3.0)
  - SwiftyJSON (~> 2.2.0)

SPEC CHECKSUMS:
  Alamofire: 5550bf0b575ed1a4bf9be572f9463e1015cc169e
  KeychainAccess: 3d7922baf90762a976adb7f6030d74c1a4110a1d
  Nimble: 49b7a7da8919f42823d37c6d68cc6d15a7009f32
  Nocilla: ae0a2b05f3087b473624ac2b25903695df51246a
  Quick: 824572d3d198d51e52cf4aa722cebf7e59952a35
  SwiftyJSON: ae2d0a3d68025d136602a33c4ee215091ced3e33

COCOAPODS: 0.37.2
